{
  "name": "plugins",
  "version": "1.0.0",
  "lockfileVersion": 1,
  "requires": true,
  "dependencies": {
    "canvas-exif-orientation": {
      "version": "0.4.0",
      "resolved": "https://registry.npmjs.org/canvas-exif-orientation/-/canvas-exif-orientation-0.4.0.tgz",
      "integrity": "sha1-tIfzcBmYqeh56xBAELKlgRU2i2s="
    },
    "jquery": {
      "version": "3.3.1",
      "resolved": "https://registry.npmjs.org/jquery/-/jquery-3.3.1.tgz",
      "integrity": "sha512-Ubldcmxp5np52/ENotGxlLe6aGMvmF4R8S6tZjsP6Knsaxd/xp3Zrh50cG93lR6nPXyUFwzN3ZSOQI0wRJNdGg=="
    },
    "object-assign": {
      "version": "4.1.1",
      "resolved": "https://registry.npmjs.org/object-assign/-/object-assign-4.1.1.tgz",
      "integrity": "sha1-IQmtx5ZYh8/AXLvUQsrIv7s2CGM="
    },
    "owl.carousel": {
      "version": "2.3.4",
      "resolved": "https://registry.npmjs.org/owl.carousel/-/owl.carousel-2.3.4.tgz",
      "integrity": "sha512-JaDss9+feAvEW8KZppPSpllfposEzQiW+Ytt/Xm5t/3CTJ7YVmkh6RkWixoA2yXk2boIwedYxOvrrppIGzru9A==",
      "requires": {
        "jquery": "3.3.1"
      }
    },
    "v-owl-carousel": {
      "version": "1.0.2",
      "resolved": "https://registry.npmjs.org/v-owl-carousel/-/v-owl-carousel-1.0.2.tgz",
      "integrity": "sha512-LZHCPdfhzdmY6Iym++ZKelr7hauuGdI0nr6lfbT1aIDnbXKjWEBOVkE7nt27gcGf9bRm0RVTSfZFktDwaKYc0A==",
      "requires": {
        "jquery": "3.3.1",
        "owl.carousel": "2.3.4",
        "vue": "2.5.17"
      }
    },
    "vue": {
      "version": "2.5.17",
      "resolved": "https://registry.npmjs.org/vue/-/vue-2.5.17.tgz",
      "integrity": "sha512-mFbcWoDIJi0w0Za4emyLiW72Jae0yjANHbCVquMKijcavBGypqlF7zHRgMa5k4sesdv7hv2rB4JPdZfR+TPfhQ=="
    },
    "vue-croppa": {
      "version": "1.3.7",
      "resolved": "https://registry.npmjs.org/vue-croppa/-/vue-croppa-1.3.7.tgz",
      "integrity": "sha512-VATRkw04BSyDT04k6qVvec7HPYmZsJYPuXv/X/L479MMXUnjJrWXGh0vPXU+vZ26r3ARyIP5xx8i5tW+9Ldb5g==",
      "requires": {
        "canvas-exif-orientation": "0.4.0",
        "object-assign": "4.1.1"
      }
    }
  }
}
